Microsoft Visual Studio Solution File, Format Version 12.00
# Visual Studio Version 16
VisualStudioVersion = 16.0.30309.148
MinimumVisualStudioVersion = 10.0.40219.1
Project("{FAE04EC0-301F-11D3-BF4B-00C04F79EFBC}") = "BluetoothPrintSample.Android", "BluetoothPrintSample.Android\BluetoothPrintSample.Android.csproj", "{FE37B37E-757A-4324-A79F-AE196DBCAFE7}"
EndProject
Project("{FAE04EC0-301F-11D3-BF4B-00C04F79EFBC}") = "BluetoothPrintSample.iOS", "BluetoothPrintSample.iOS\BluetoothPrintSample.iOS.csproj", "{186C8467-0C07-4AB2-A2ED-EC28A1BDF64A}"
EndProject
Project("{9A19103F-16F7-4668-BE54-9A1E7A4F7556}") = "BluetoothPrintSample", "BluetoothPrintSample\BluetoothPrintSample.csproj", "{9E08E13B-80B9-422C-840B-140878855147}"
EndProject
Global
	GlobalSection(SolutionConfigurationPlatforms) = preSolution
		Debug|Any CPU = Debug|Any CPU
		Debug|iPhone = Debug|iPhone
		Debug|iPhoneSimulator = Debug|iPhoneSimulator
		Release|Any CPU = Release|Any CPU
		Release|iPhone = Release|iPhone
		Release|iPhoneSimulator = Release|iPhoneSimulator
	EndGlobalSection
	GlobalSection(ProjectConfigurationPlatforms) = postSolution
		{FE37B37E-757A-4324-A79F-AE196DBCAFE7}.Debug|Any CPU.ActiveCfg = Debug|Any CPU
		{FE37B37E-757A-4324-A79F-AE196DBCAFE7}.Debug|Any CPU.Build.0 = Debug|Any CPU
		{FE37B37E-757A-4324-A79F-AE196DBCAFE7}.Debug|Any CPU.Deploy.0 = Debug|Any CPU
		{FE37B37E-757A-4324-A79F-AE196DBCAFE7}.Debug|iPhone.ActiveCfg = Debug|Any CPU
		{FE37B37E-757A-4324-A79F-AE196DBCAFE7}.Debug|iPhone.Build.0 = Debug|Any CPU
		{FE37B37E-757A-4324-A79F-AE196DBCAFE7}.Debug|iPhoneSimulator.ActiveCfg = Debug|Any CPU
		{FE37B37E-757A-4324-A79F-AE196DBCAFE7}.Debug|iPhoneSimulator.Build.0 = Debug|Any CPU
		{FE37B37E-757A-4324-A79F-AE196DBCAFE7}.Release|Any CPU.ActiveCfg = Release|Any CPU
		{FE37B37E-757A-4324-A79F-AE196DBCAFE7}.Release|Any CPU.Build.0 = Release|Any CPU
		{FE37B37E-757A-4324-A79F-AE196DBCAFE7}.Release|iPhone.ActiveCfg = Release|Any CPU
		{FE37B37E-757A-4324-A79F-AE196DBCAFE7}.Release|iPhone.Build.0 = Release|Any CPU
		{FE37B37E-757A-4324-A79F-AE196DBCAFE7}.Release|iPhoneSimulator.ActiveCfg = Release|Any CPU
		{FE37B37E-757A-4324-A79F-AE196DBCAFE7}.Release|iPhoneSimulator.Build.0 = Release|Any CPU
		{186C8467-0C07-4AB2-A2ED-EC28A1BDF64A}.Debug|Any CPU.ActiveCfg = Debug|iPhoneSimulator
		{186C8467-0C07-4AB2-A2ED-EC28A1BDF64A}.Debug|Any CPU.Build.0 = Debug|iPhoneSimulator
		{186C8467-0C07-4AB2-A2ED-EC28A1BDF64A}.Debug|iPhone.ActiveCfg = Debug|iPhone
		{186C8467-0C07-4AB2-A2ED-EC28A1BDF64A}.Debug|iPhone.Build.0 = Debug|iPhone
		{186C8467-0C07-4AB2-A2ED-EC28A1BDF64A}.Debug|iPhoneSimulator.ActiveCfg = Debug|iPhoneSimulator
		{186C8467-0C07-4AB2-A2ED-EC28A1BDF64A}.Debug|iPhoneSimulator.Build.0 = Debug|iPhoneSimulator
		{186C8467-0C07-4AB2-A2ED-EC28A1BDF64A}.Release|Any CPU.ActiveCfg = Release|iPhoneSimulator
		{186C8467-0C07-4AB2-A2ED-EC28A1BDF64A}.Release|Any CPU.Build.0 = Release|iPhoneSimulator
		{186C8467-0C07-4AB2-A2ED-EC28A1BDF64A}.Release|iPhone.ActiveCfg = Release|iPhone
		{186C8467-0C07-4AB2-A2ED-EC28A1BDF64A}.Release|iPhone.Build.0 = Release|iPhone
		{186C8467-0C07-4AB2-A2ED-EC28A1BDF64A}.Release|iPhoneSimulator.ActiveCfg = Release|iPhoneSimulator
		{186C8467-0C07-4AB2-A2ED-EC28A1BDF64A}.Release|iPhoneSimulator.Build.0 = Release|iPhoneSimulator
		{9E08E13B-80B9-422C-840B-140878855147}.Debug|Any CPU.ActiveCfg = Debug|Any CPU
		{9E08E13B-80B9-422C-840B-140878855147}.Debug|Any CPU.Build.0 = Debug|Any CPU
		{9E08E13B-80B9-422C-840B-140878855147}.Debug|iPhone.ActiveCfg = Debug|Any CPU
		{9E08E13B-80B9-422C-840B-140878855147}.Debug|iPhone.Build.0 = Debug|Any CPU
		{9E08E13B-80B9-422C-840B-140878855147}.Debug|iPhoneSimulator.ActiveCfg = Debug|Any CPU
		{9E08E13B-80B9-422C-840B-140878855147}.Debug|iPhoneSimulator.Build.0 = Debug|Any CPU
		{9E08E13B-80B9-422C-840B-140878855147}.Release|Any CPU.ActiveCfg = Release|Any CPU
		{9E08E13B-80B9-422C-840B-140878855147}.Release|Any CPU.Build.0 = Release|Any CPU
		{9E08E13B-80B9-422C-840B-140878855147}.Release|iPhone.ActiveCfg = Release|Any CPU
		{9E08E13B-80B9-422C-840B-140878855147}.Release|iPhone.Build.0 = Release|Any CPU
		{9E08E13B-80B9-422C-840B-140878855147}.Release|iPhoneSimulator.ActiveCfg = Release|Any CPU
		{9E08E13B-80B9-422C-840B-140878855147}.Release|iPhoneSimulator.Build.0 = Release|Any CPU
	EndGlobalSection
	GlobalSection(SolutionProperties) = preSolution
		HideSolutionNode = FALSE
	EndGlobalSection
	GlobalSection(ExtensibilityGlobals) = postSolution
		SolutionGuid = {CC094B66-12F7-458E-B26C-3514DE61C5D9}
	EndGlobalSection
EndGlobal
